// !$*UTF8*$!
{
	archiveVersion = 1;
	classes = {
	};
	objectVersion = 50;
	objects = {

/* Begin PBXBuildFile section */
		EF0CF01525AA0C01002E2BAC /* AppDelegate.swift in Sources */ = {isa = PBXBuildFile; fileRef = EF0CF01425AA0C01002E2BAC /* AppDelegate.swift */; };
		EF0CF01725AA0C01002E2BAC /* SceneDelegate.swift in Sources */ = {isa = PBXBuildFile; fileRef = EF0CF01625AA0C01002E2BAC /* SceneDelegate.swift */; };
		EF0CF01925AA0C01002E2BAC /* ViewController.swift in Sources */ = {isa = PBXBuildFile; fileRef = EF0CF01825AA0C01002E2BAC /* ViewController.swift */; };
		EF0CF01C25AA0C01002E2BAC /* Main.storyboard in Resources */ = {isa = PBXBuildFile; fileRef = EF0CF01A25AA0C01002E2BAC /* Main.storyboard */; };
		EF0CF01E25AA0C05002E2BAC /* Assets.xcassets in Resources */ = {isa = PBXBuildFile; fileRef = EF0CF01D25AA0C05002E2BAC /* Assets.xcassets */; };
		EF0CF02125AA0C05002E2BAC /* LaunchScreen.storyboard in Resources */ = {isa = PBXBuildFile; fileRef = EF0CF01F25AA0C05002E2BAC /* LaunchScreen.storyboard */; };
		EF0CF02C25AA0C05002E2BAC /* Tip_CalculatorTests.swift in Sources */ = {isa = PBXBuildFile; fileRef = EF0CF02B25AA0C05002E2BAC /* Tip_CalculatorTests.swift */; };
		EF0CF03725AA0C05002E2BAC /* Tip_CalculatorUITests.swift in Sources */ = {isa = PBXBuildFile; fileRef = EF0CF03625AA0C05002E2BAC /* Tip_CalculatorUITests.swift */; };
/* End PBXBuildFile section */

/* Begin PBXContainerItemProxy section */
		EF0CF02825AA0C05002E2BAC /* PBXContainerItemProxy */ = {
			isa = PBXContainerItemProxy;
			containerPortal = EF0CF00925AA0C01002E2BAC /* Project object */;
			proxyType = 1;
			remoteGlobalIDString = EF0CF01025AA0C01002E2BAC;
			remoteInfo = "Tip Calculator";
		};
		EF0CF03325AA0C05002E2BAC /* PBXContainerItemProxy */ = {
			isa = PBXContainerItemProxy;
			containerPortal = EF0CF00925AA0C01002E2BAC /* Project object */;
			proxyType = 1;
			remoteGlobalIDString = EF0CF01025AA0C01002E2BAC;
			remoteInfo = "Tip Calculator";
		};
/* End PBXContainerItemProxy section */

/* Begin PBXFileReference section */
		EF0CF01125AA0C01002E2BAC /* Tip Calculator.app */ = {isa = PBXFileReference; explicitFileType = wrapper.application; includeInIndex = 0; path = "Tip Calculator.app"; sourceTree = BUILT_PRODUCTS_DIR; };
		EF0CF01425AA0C01002E2BAC /* AppDelegate.swift */ = {isa = PBXFileReference; lastKnownFileType = sourcecode.swift; path = AppDelegate.swift; sourceTree = "<group>"; };
		EF0CF01625AA0C01002E2BAC /* SceneDelegate.swift */ = {isa = PBXFileReference; lastKnownFileType = sourcecode.swift; path = SceneDelegate.swift; sourceTree = "<group>"; };
		EF0CF01825AA0C01002E2BAC /* ViewController.swift */ = {isa = PBXFileReference; lastKnownFileType = sourcecode.swift; path = ViewController.swift; sourceTree = "<group>"; };
		EF0CF01B25AA0C01002E2BAC /* Base */ = {isa = PBXFileReference; lastKnownFileType = file.storyboard; name = Base; path = Base.lproj/Main.storyboard; sourceTree = "<group>"; };
		EF0CF01D25AA0C05002E2BAC /* Assets.xcassets */ = {isa = PBXFileReference; lastKnownFileType = folder.assetcatalog; path = Assets.xcassets; sourceTree = "<group>"; };
		EF0CF02025AA0C05002E2BAC /* Base */ = {isa = PBXFileReference; lastKnownFileType = file.storyboard; name = Base; path = Base.lproj/LaunchScreen.storyboard; sourceTree = "<group>"; };
		EF0CF02225AA0C05002E2BAC /* Info.plist */ = {isa = PBXFileReference; lastKnownFileType = text.plist.xml; path = Info.plist; sourceTree = "<group>"; };
		EF0CF02725AA0C05002E2BAC /* Tip CalculatorTests.xctest */ = {isa = PBXFileReference; explicitFileType = wrapper.cfbundle; includeInIndex = 0; path = "Tip CalculatorTests.xctest"; sourceTree = BUILT_PRODUCTS_DIR; };
		EF0CF02B25AA0C05002E2BAC /* Tip_CalculatorTests.swift */ = {isa = PBXFileReference; lastKnownFileType = sourcecode.swift; path = Tip_CalculatorTests.swift; sourceTree = "<group>"; };
		EF0CF02D25AA0C05002E2BAC /* Info.plist */ = {isa = PBXFileReference; lastKnownFileType = text.plist.xml; path = Info.plist; sourceTree = "<group>"; };
		EF0CF03225AA0C05002E2BAC /* Tip CalculatorUITests.xctest */ = {isa = PBXFileReference; explicitFileType = wrapper.cfbundle; includeInIndex = 0; path = "Tip CalculatorUITests.xctest"; sourceTree = BUILT_PRODUCTS_DIR; };
		EF0CF03625AA0C05002E2BAC /* Tip_CalculatorUITests.swift */ = {isa = PBXFileReference; lastKnownFileType = sourcecode.swift; path = Tip_CalculatorUITests.swift; sourceTree = "<group>"; };
		EF0CF03825AA0C05002E2BAC /* Info.plist */ = {isa = PBXFileReference; lastKnownFileType = text.plist.xml; path = Info.plist; sourceTree = "<group>"; };
/* End PBXFileReference section */

/* Begin PBXFrameworksBuildPhase section */
		EF0CF00E25AA0C01002E2BAC /* Frameworks */ = {
			isa = PBXFrameworksBuildPhase;
			buildActionMask = 2147483647;
			files = (
			);
			runOnlyForDeploymentPostprocessing = 0;
		};
		EF0CF02425AA0C05002E2BAC /* Frameworks */ = {
			isa = PBXFrameworksBuildPhase;
			buildActionMask = 2147483647;
			files = (
			);
			runOnlyForDeploymentPostprocessing = 0;
		};
		EF0CF02F25AA0C05002E2BAC /* Frameworks */ = {
			isa = PBXFrameworksBuildPhase;
			buildActionMask = 2147483647;
			files = (
			);
			runOnlyForDeploymentPostprocessing = 0;
		};
/* End PBXFrameworksBuildPhase section */

/* Begin PBXGroup section */
		EF0CF00825AA0C01002E2BAC = {
			isa = PBXGroup;
			children = (
				EF0CF01325AA0C01002E2BAC /* Tip Calculator */,
				EF0CF02A25AA0C05002E2BAC /* Tip CalculatorTests */,
				EF0CF03525AA0C05002E2BAC /* Tip CalculatorUITests */,
				EF0CF01225AA0C01002E2BAC /* Products */,
			);
			sourceTree = "<group>";
		};
		EF0CF01225AA0C01002E2BAC /* Products */ = {
			isa = PBXGroup;
			children = (
				EF0CF01125AA0C01002E2BAC /* Tip Calculator.app */,
				EF0CF02725AA0C05002E2BAC /* Tip CalculatorTests.xctest */,
				EF0CF03225AA0C05002E2BAC /* Tip CalculatorUITests.xctest */,
			);
			name = Products;
			sourceTree = "<group>";
		};
		EF0CF01325AA0C01002E2BAC /* Tip Calculator */ = {
			isa = PBXGroup;
			children = (
				EF0CF01425AA0C01002E2BAC /* AppDelegate.swift */,
				EF0CF01625AA0C01002E2BAC /* SceneDelegate.swift */,
				EF0CF01825AA0C01002E2BAC /* ViewController.swift */,
				EF0CF01A25AA0C01002E2BAC /* Main.storyboard */,
				EF0CF01D25AA0C05002E2BAC /* Assets.xcassets */,
				EF0CF01F25AA0C05002E2BAC /* LaunchScreen.storyboard */,
				EF0CF02225AA0C05002E2BAC /* Info.plist */,
			);
			path = "Tip Calculator";
			sourceTree = "<group>";
		};
		EF0CF02A25AA0C05002E2BAC /* Tip CalculatorTests */ = {
			isa = PBXGroup;
			children = (
				EF0CF02B25AA0C05002E2BAC /* Tip_CalculatorTests.swift */,
				EF0CF02D25AA0C05002E2BAC /* Info.plist */,
			);
			path = "Tip CalculatorTests";
			sourceTree = "<group>";
		};
		EF0CF03525AA0C05002E2BAC /* Tip CalculatorUITests */ = {
			isa = PBXGroup;
			children = (
				EF0CF03625AA0C05002E2BAC /* Tip_CalculatorUITests.swift */,
				EF0CF03825AA0C05002E2BAC /* Info.plist */,
			);
			path = "Tip CalculatorUITests";
			sourceTree = "<group>";
		};
/* End PBXGroup section */

/* Begin PBXNativeTarget section */
		EF0CF01025AA0C01002E2BAC /* Tip Calculator */ = {
			isa = PBXNativeTarget;
			buildConfigurationList = EF0CF03B25AA0C06002E2BAC /* Build configuration list for PBXNativeTarget "Tip Calculator" */;
			buildPhases = (
				EF0CF00D25AA0C01002E2BAC /* Sources */,
				EF0CF00E25AA0C01002E2BAC /* Frameworks */,
				EF0CF00F25AA0C01002E2BAC /* Resources */,
			);
			buildRules = (
			);
			dependencies = (
			);
			name = "Tip Calculator";
			productName = "Tip Calculator";
			productReference = EF0CF01125AA0C01002E2BAC /* Tip Calculator.app */;
			productType = "com.apple.product-type.application";
		};
		EF0CF02625AA0C05002E2BAC /* Tip CalculatorTests */ = {
			isa = PBXNativeTarget;
			buildConfigurationList = EF0CF03E25AA0C06002E2BAC /* Build configuration list for PBXNativeTarget "Tip CalculatorTests" */;
			buildPhases = (
				EF0CF02325AA0C05002E2BAC /* Sources */,
				EF0CF02425AA0C05002E2BAC /* Frameworks */,
				EF0CF02525AA0C05002E2BAC /* Resources */,
			);
			buildRules = (
			);
			dependencies = (
				EF0CF02925AA0C05002E2BAC /* PBXTargetDependency */,
			);
			name = "Tip CalculatorTests";
			productName = "Tip CalculatorTests";
			productReference = EF0CF02725AA0C05002E2BAC /* Tip CalculatorTests.xctest */;
			productType = "com.apple.product-type.bundle.unit-test";
		};
		EF0CF03125AA0C05002E2BAC /* Tip CalculatorUITests */ = {
			isa = PBXNativeTarget;
			buildConfigurationList = EF0CF04125AA0C06002E2BAC /* Build configuration list for PBXNativeTarget "Tip CalculatorUITests" */;
			buildPhases = (
				EF0CF02E25AA0C05002E2BAC /* Sources */,
				EF0CF02F25AA0C05002E2BAC /* Frameworks */,
				EF0CF03025AA0C05002E2BAC /* Resources */,
			);
			buildRules = (
			);
			dependencies = (
				EF0CF03425AA0C05002E2BAC /* PBXTargetDependency */,
			);
			name = "Tip CalculatorUITests";
			productName = "Tip CalculatorUITests";
			productReference = EF0CF03225AA0C05002E2BAC /* Tip CalculatorUITests.xctest */;
			productType = "com.apple.product-type.bundle.ui-testing";
		};
/* End PBXNativeTarget section */

/* Begin PBXProject section */
		EF0CF00925AA0C01002E2BAC /* Project object */ = {
			isa = PBXProject;
			attributes = {
				LastSwiftUpdateCheck = 1200;
				LastUpgradeCheck = 1200;
				TargetAttributes = {
					EF0CF01025AA0C01002E2BAC = {
						CreatedOnToolsVersion = 12.0.1;
					};
					EF0CF02625AA0C05002E2BAC = {
						CreatedOnToolsVersion = 12.0.1;
						TestTargetID = EF0CF01025AA0C01002E2BAC;
					};
					EF0CF03125AA0C05002E2BAC = {
						CreatedOnToolsVersion = 12.0.1;
						TestTargetID = EF0CF01025AA0C01002E2BAC;
					};
				};
			};
			buildConfigurationList = EF0CF00C25AA0C01002E2BAC /* Build configuration list for PBXProject "Tip Calculator" */;
			compatibilityVersion = "Xcode 9.3";
			developmentRegion = en;
			hasScannedForEncodings = 0;
			knownRegions = (
				en,
				Base,
			);
			mainGroup = EF0CF00825AA0C01002E2BAC;
			productRefGroup = EF0CF01225AA0C01002E2BAC /* Products */;
			projectDirPath = "";
			projectRoot = "";
			targets = (
				EF0CF01025AA0C01002E2BAC /* Tip Calculator */,
				EF0CF02625AA0C05002E2BAC /* Tip CalculatorTests */,
				EF0CF03125AA0C05002E2BAC /* Tip CalculatorUITests */,
			);
		};
/* End PBXProject section */

/* Begin PBXResourcesBuildPhase section */
		EF0CF00F25AA0C01002E2BAC /* Resources */ = {
			isa = PBXResourcesBuildPhase;
			buildActionMask = 2147483647;
			files = (
				EF0CF02125AA0C05002E2BAC /* LaunchScreen.storyboard in Resources */,
				EF0CF01E25AA0C05002E2BAC /* Assets.xcassets in Resources */,
				EF0CF01C25AA0C01002E2BAC /* Main.storyboard in Resources */,
			);
			runOnlyForDeploymentPostprocessing = 0;
		};
		EF0CF02525AA0C05002E2BAC /* Resources */ = {
			isa = PBXResourcesBuildPhase;
			buildActionMask = 2147483647;
			files = (
			);
			runOnlyForDeploymentPostprocessing = 0;
		};
		EF0CF03025AA0C05002E2BAC /* Resources */ = {
			isa = PBXResourcesBuildPhase;
			buildActionMask = 2147483647;
			files = (
			);
			runOnlyForDeploymentPostprocessing = 0;
		};
/* End PBXResourcesBuildPhase section */

/* Begin PBXSourcesBuildPhase section */
		EF0CF00D25AA0C01002E2BAC /* Sources */ = {
			isa = PBXSourcesBuildPhase;
			buildActionMask = 2147483647;
			files = (
				EF0CF01925AA0C01002E2BAC /* ViewController.swift in Sources */,
				EF0CF01525AA0C01002E2BAC /* AppDelegate.swift in Sources */,
				EF0CF01725AA0C01002E2BAC /* SceneDelegate.swift in Sources */,
			);
			runOnlyForDeploymentPostprocessing = 0;
		};
		EF0CF02325AA0C05002E2BAC /* Sources */ = {
			isa = PBXSourcesBuildPhase;
			buildActionMask = 2147483647;
			files = (
				EF0CF02C25AA0C05002E2BAC /* Tip_CalculatorTests.swift in Sources */,
			);
			runOnlyForDeploymentPostprocessing = 0;
		};
		EF0CF02E25AA0C05002E2BAC /* Sources */ = {
			isa = PBXSourcesBuildPhase;
			buildActionMask = 2147483647;
			files = (
				EF0CF03725AA0C05002E2BAC /* Tip_CalculatorUITests.swift in Sources */,
			);
			runOnlyForDeploymentPostprocessing = 0;
		};
/* End PBXSourcesBuildPhase section */

/* Begin PBXTargetDependency section */
		EF0CF02925AA0C05002E2BAC /* PBXTargetDependency */ = {
			isa = PBXTargetDependency;
			target = EF0CF01025AA0C01002E2BAC /* Tip Calculator */;
			targetProxy = EF0CF02825AA0C05002E2BAC /* PBXContainerItemProxy */;
		};
		EF0CF03425AA0C05002E2BAC /* PBXTargetDependency */ = {
			isa = PBXTargetDependency;
			target = EF0CF01025AA0C01002E2BAC /* Tip Calculator */;
			targetProxy = EF0CF03325AA0C05002E2BAC /* PBXContainerItemProxy */;
		};
/* End PBXTargetDependency section */

/* Begin PBXVariantGroup section */
		EF0CF01A25AA0C01002E2BAC /* Main.storyboard */ = {
			isa = PBXVariantGroup;
			children = (
				EF0CF01B25AA0C01002E2BAC /* Base */,
			);
			name = Main.storyboard;
			sourceTree = "<group>";
		};
		EF0CF01F25AA0C05002E2BAC /* LaunchScreen.storyboard */ = {
			isa = PBXVariantGroup;
			children = (
				EF0CF02025AA0C05002E2BAC /* Base */,
			);
			name = LaunchScreen.storyboard;
			sourceTree = "<group>";
		};
/* End PBXVariantGroup section */

/* Begin XCBuildConfiguration section */
		EF0CF03925AA0C06002E2BAC /* Debug */ = {
			isa = XCBuildConfiguration;
			buildSettings = {
				ALWAYS_SEARCH_USER_PATHS = NO;
				CLANG_ANALYZER_NONNULL = YES;
				CLANG_ANALYZER_NUMBER_OBJECT_CONVERSION = YES_AGGRESSIVE;
				CLANG_CXX_LANGUAGE_STANDARD = "gnu++14";
				CLANG_CXX_LIBRARY = "libc++";
				CLANG_ENABLE_MODULES = YES;
				CLANG_ENABLE_OBJC_ARC = YES;
				CLANG_ENABLE_OBJC_WEAK = YES;
				CLANG_WARN_BLOCK_CAPTURE_AUTORELEASING = YES;
				CLANG_WARN_BOOL_CONVERSION = YES;
				CLANG_WARN_COMMA = YES;
				CLANG_WARN_CONSTANT_CONVERSION = YES;
				CLANG_WARN_DEPRECATED_OBJC_IMPLEMENTATIONS = YES;
				CLANG_WARN_DIRECT_OBJC_ISA_USAGE = YES_ERROR;
				CLANG_WARN_DOCUMENTATION_COMMENTS = YES;
				CLANG_WARN_EMPTY_BODY = YES;
				CLANG_WARN_ENUM_CONVERSION = YES;
				CLANG_WARN_INFINITE_RECURSION = YES;
				CLANG_WARN_INT_CONVERSION = YES;
				CLANG_WARN_NON_LITERAL_NULL_CONVERSION = YES;
				CLANG_WARN_OBJC_IMPLICIT_RETAIN_SELF = YES;
				CLANG_WARN_OBJC_LITERAL_CONVERSION = YES;
				CLANG_WARN_OBJC_ROOT_CLASS = YES_ERROR;
				CLANG_WARN_QUOTED_INCLUDE_IN_FRAMEWORK_HEADER = YES;
				CLANG_WARN_RANGE_LOOP_ANALYSIS = YES;
				CLANG_WARN_STRICT_PROTOTYPES = YES;
				CLANG_WARN_SUSPICIOUS_MOVE = YES;
				CLANG_WARN_UNGUARDED_AVAILABILITY = YES_AGGRESSIVE;
				CLANG_WARN_UNREACHABLE_CODE = YES;
				CLANG_WARN__DUPLICATE_METHOD_MATCH = YES;
				COPY_PHASE_STRIP = NO;
				DEBUG_INFORMATION_FORMAT = dwarf;
				ENABLE_STRICT_OBJC_MSGSEND = YES;
				ENABLE_TESTABILITY = YES;
				GCC_C_LANGUAGE_STANDARD = gnu11;
				GCC_DYNAMIC_NO_PIC = NO;
				GCC_NO_COMMON_BLOCKS = YES;
				GCC_OPTIMIZATION_LEVEL = 0;
				GCC_PREPROCESSOR_DEFINITIONS = (
					"DEBUG=1",
					"$(inherited)",
				);
				GCC_WARN_64_TO_32_BIT_CONVERSION = YES;
				GCC_WARN_ABOUT_RETURN_TYPE = YES_ERROR;
				GCC_WARN_UNDECLARED_SELECTOR = YES;
				GCC_WARN_UNINITIALIZED_AUTOS = YES_AGGRESSIVE;
				GCC_WARN_UNUSED_FUNCTION = YES;
				GCC_WARN_UNUSED_VARIABLE = YES;
				IPHONEOS_DEPLOYMENT_TARGET = 14.0;
				MTL_ENABLE_DEBUG_INFO = INCLUDE_SOURCE;
				MTL_FAST_MATH = YES;
				ONLY_ACTIVE_ARCH = YES;
				SDKROOT = iphoneos;
				SWIFT_ACTIVE_COMPILATION_CONDITIONS = DEBUG;
				SWIFT_OPTIMIZATION_LEVEL = "-Onone";
			};
			name = Debug;
		};
		EF0CF03A25AA0C06002E2BAC /* Release */ = {
			isa = XCBuildConfiguration;
			buildSettings = {
				ALWAYS_SEARCH_USER_PATHS = NO;
				CLANG_ANALYZER_NONNULL = YES;
				CLANG_ANALYZER_NUMBER_OBJECT_CONVERSION = YES_AGGRESSIVE;
				CLANG_CXX_LANGUAGE_STANDARD = "gnu++14";
				CLANG_CXX_LIBRARY = "libc++";
				CLANG_ENABLE_MODULES = YES;
				CLANG_ENABLE_OBJC_ARC = YES;
				CLANG_ENABLE_OBJC_WEAK = YES;
				CLANG_WARN_BLOCK_CAPTURE_AUTORELEASING = YES;
				CLANG_WARN_BOOL_CONVERSION = YES;
				CLANG_WARN_COMMA = YES;
				CLANG_WARN_CONSTANT_CONVERSION = YES;
				CLANG_WARN_DEPRECATED_OBJC_IMPLEMENTATIONS = YES;
				CLANG_WARN_DIRECT_OBJC_ISA_USAGE = YES_ERROR;
				CLANG_WARN_DOCUMENTATION_COMMENTS = YES;
				CLANG_WARN_EMPTY_BODY = YES;
				CLANG_WARN_ENUM_CONVERSION = YES;
				CLANG_WARN_INFINITE_RECURSION = YES;
				CLANG_WARN_INT_CONVERSION = YES;
				CLANG_WARN_NON_LITERAL_NULL_CONVERSION = YES;
				CLANG_WARN_OBJC_IMPLICIT_RETAIN_SELF = YES;
				CLANG_WARN_OBJC_LITERAL_CONVERSION = YES;
				CLANG_WARN_OBJC_ROOT_CLASS = YES_ERROR;
				CLANG_WARN_QUOTED_INCLUDE_IN_FRAMEWORK_HEADER = YES;
				CLANG_WARN_RANGE_LOOP_ANALYSIS = YES;
				CLANG_WARN_STRICT_PROTOTYPES = YES;
				CLANG_WARN_SUSPICIOUS_MOVE = YES;
				CLANG_WARN_UNGUARDED_AVAILABILITY = YES_AGGRESSIVE;
				CLANG_WARN_UNREACHABLE_CODE = YES;
				CLANG_WARN__DUPLICATE_METHOD_MATCH = YES;
				COPY_PHASE_STRIP = NO;
				DEBUG_INFORMATION_FORMAT = "dwarf-with-dsym";
				ENABLE_NS_ASSERTIONS = NO;
				ENABLE_STRICT_OBJC_MSGSEND = YES;
				GCC_C_LANGUAGE_STANDARD = gnu11;
				GCC_NO_COMMON_BLOCKS = YES;
				GCC_WARN_64_TO_32_BIT_CONVERSION = YES;
				GCC_WARN_ABOUT_RETURN_TYPE = YES_ERROR;
				GCC_WARN_UNDECLARED_SELECTOR = YES;
				GCC_WARN_UNINITIALIZED_AUTOS = YES_AGGRESSIVE;
				GCC_WARN_UNUSED_FUNCTION = YES;
				GCC_WARN_UNUSED_VARIABLE = YES;
				IPHONEOS_DEPLOYMENT_TARGET = 14.0;
				MTL_ENABLE_DEBUG_INFO = NO;
				MTL_FAST_MATH = YES;
				SDKROOT = iphoneos;
				SWIFT_COMPILATION_MODE = wholemodule;
				SWIFT_OPTIMIZATION_LEVEL = "-O";
				VALIDATE_PRODUCT = YES;
			};
			name = Release;
		};
		EF0CF03C25AA0C06002E2BAC /* Debug */ = {
			isa = XCBuildConfiguration;
			buildSettings = {
				ASSETCATALOG_COMPILER_APPICON_NAME = AppIcon;
				ASSETCATALOG_COMPILER_GLOBAL_ACCENT_COLOR_NAME = AccentColor;
				CODE_SIGN_STYLE = Automatic;
				INFOPLIST_FILE = "Tip Calculator/Info.plist";
				LD_RUNPATH_SEARCH_PATHS = (
					"$(inherited)",
					"@executable_path/Frameworks",
				);
				PRODUCT_BUNDLE_IDENTIFIER = "JRF.Tip-Calculator";
				PRODUCT_NAME = "$(TARGET_NAME)";
				SWIFT_VERSION = 5.0;
				TARGETED_DEVICE_FAMILY = "1,2";
			};
			name = Debug;
		};
		EF0CF03D25AA0C06002E2BAC /* Release */ = {
			isa = XCBuildConfiguration;
			buildSettings = {
				ASSETCATALOG_COMPILER_APPICON_NAME = AppIcon;
				ASSETCATALOG_COMPILER_GLOBAL_ACCENT_COLOR_NAME = AccentColor;
				CODE_SIGN_STYLE = Automatic;
				INFOPLIST_FILE = "Tip Calculator/Info.plist";
				LD_RUNPATH_SEARCH_PATHS = (
					"$(inherited)",
					"@executable_path/Frameworks",
				);
				PRODUCT_BUNDLE_IDENTIFIER = "JRF.Tip-Calculator";
				PRODUCT_NAME = "$(TARGET_NAME)";
				SWIFT_VERSION = 5.0;
				TARGETED_DEVICE_FAMILY = "1,2";
			};
			name = Release;
		};
		EF0CF03F25AA0C06002E2BAC /* Debug */ = {
			isa = XCBuildConfiguration;
			buildSettings = {
				ALWAYS_EMBED_SWIFT_STANDARD_LIBRARIES = YES;
				BUNDLE_LOADER = "$(TEST_HOST)";
				CODE_SIGN_STYLE = Automatic;
				INFOPLIST_FILE = "Tip CalculatorTests/Info.plist";
				IPHONEOS_DEPLOYMENT_TARGET = 14.0;
				LD_RUNPATH_SEARCH_PATHS = (
					"$(inherited)",
					"@executable_path/Frameworks",
					"@loader_path/Frameworks",
				);
				PRODUCT_BUNDLE_IDENTIFIER = "JRF.Tip-CalculatorTests";
				PRODUCT_NAME = "$(TARGET_NAME)";
				SWIFT_VERSION = 5.0;
				TARGETED_DEVICE_FAMILY = "1,2";
				TEST_HOST = "$(BUILT_PRODUCTS_DIR)/Tip Calculator.app/Tip Calculator";
			};
			name = Debug;
		};
		EF0CF04025AA0C06002E2BAC /* Release */ = {
			isa = XCBuildConfiguration;
			buildSettings = {
				ALWAYS_EMBED_SWIFT_STANDARD_LIBRARIES = YES;
				BUNDLE_LOADER = "$(TEST_HOST)";
				CODE_SIGN_STYLE = Automatic;
				INFOPLIST_FILE = "Tip CalculatorTests/Info.plist";
				IPHONEOS_DEPLOYMENT_TARGET = 14.0;
				LD_RUNPATH_SEARCH_PATHS = (
					"$(inherited)",
					"@executable_path/Frameworks",
					"@loader_path/Frameworks",
				);
				PRODUCT_BUNDLE_IDENTIFIER = "JRF.Tip-CalculatorTests";
				PRODUCT_NAME = "$(TARGET_NAME)";
				SWIFT_VERSION = 5.0;
				TARGETED_DEVICE_FAMILY = "1,2";
				TEST_HOST = "$(BUILT_PRODUCTS_DIR)/Tip Calculator.app/Tip Calculator";
			};
			name = Release;
		};
		EF0CF04225AA0C06002E2BAC /* Debug */ = {
			isa = XCBuildConfiguration;
			buildSettings = {
				ALWAYS_EMBED_SWIFT_STANDARD_LIBRARIES = YES;
				CODE_SIGN_STYLE = Automatic;
				INFOPLIST_FILE = "Tip CalculatorUITests/Info.plist";
				LD_RUNPATH_SEARCH_PATHS = (
					"$(inherited)",
					"@executable_path/Frameworks",
					"@loader_path/Frameworks",
				);
				PRODUCT_BUNDLE_IDENTIFIER = "JRF.Tip-CalculatorUITests";
				PRODUCT_NAME = "$(TARGET_NAME)";
				SWIFT_VERSION = 5.0;
				TARGETED_DEVICE_FAMILY = "1,2";
				TEST_TARGET_NAME = "Tip Calculator";
			};
			name = Debug;
		};
		EF0CF04325AA0C06002E2BAC /* Release */ = {
			isa = XCBuildConfiguration;
			buildSettings = {
				ALWAYS_EMBED_SWIFT_STANDARD_LIBRARIES = YES;
				CODE_SIGN_STYLE = Automatic;
				INFOPLIST_FILE = "Tip CalculatorUITests/Info.plist";
				LD_RUNPATH_SEARCH_PATHS = (
					"$(inherited)",
					"@executable_path/Frameworks",
					"@loader_path/Frameworks",
				);
				PRODUCT_BUNDLE_IDENTIFIER = "JRF.Tip-CalculatorUITests";
				PRODUCT_NAME = "$(TARGET_NAME)";
				SWIFT_VERSION = 5.0;
				TARGETED_DEVICE_FAMILY = "1,2";
				TEST_TARGET_NAME = "Tip Calculator";
			};
			name = Release;
		};
/* End XCBuildConfiguration section */

/* Begin XCConfigurationList section */
		EF0CF00C25AA0C01002E2BAC /* Build configuration list for PBXProject "Tip Calculator" */ = {
			isa = XCConfigurationList;
			buildConfigurations = (
				EF0CF03925AA0C06002E2BAC /* Debug */,
				EF0CF03A25AA0C06002E2BAC /* Release */,
			);
			defaultConfigurationIsVisible = 0;
			defaultConfigurationName = Release;
		};
		EF0CF03B25AA0C06002E2BAC /* Build configuration list for PBXNativeTarget "Tip Calculator" */ = {
			isa = XCConfigurationList;
			buildConfigurations = (
				EF0CF03C25AA0C06002E2BAC /* Debug */,
				EF0CF03D25AA0C06002E2BAC /* Release */,
			);
			defaultConfigurationIsVisible = 0;
			defaultConfigurationName = Release;
		};
		EF0CF03E25AA0C06002E2BAC /* Build configuration list for PBXNativeTarget "Tip CalculatorTests" */ = {
			isa = XCConfigurationList;
			buildConfigurations = (
				EF0CF03F25AA0C06002E2BAC /* Debug */,
				EF0CF04025AA0C06002E2BAC /* Release */,
			);
			defaultConfigurationIsVisible = 0;
			defaultConfigurationName = Release;
		};
		EF0CF04125AA0C06002E2BAC /* Build configuration list for PBXNativeTarget "Tip CalculatorUITests" */ = {
			isa = XCConfigurationList;
			buildConfigurations = (
				EF0CF04225AA0C06002E2BAC /* Debug */,
				EF0CF04325AA0C06002E2BAC /* Release */,
			);
			defaultConfigurationIsVisible = 0;
			defaultConfigurationName = Release;
		};
/* End XCConfigurationList section */
	};
	rootObject = EF0CF00925AA0C01002E2BAC /* Project object */;
}
